
Microsoft Visual Studio Solution File, Format Version 12.00
# Visual Studio Version 17
VisualStudioVersion = 17.7.34202.233
MinimumVisualStudioVersion = 10.0.40219.1
Project("{9A19103F-16F7-4668-BE54-9A1E7A4F7556}") = "Client", "Client\Client.csproj", "{38151C63-FAA6-4F13-92CF-4CFB803C135B}"
EndProject
Global
	GlobalSection(SolutionConfigurationPlatforms) = preSolution
		Debug|Any CPU = Debug|Any CPU
		Release|Any CPU = Release|Any CPU
	EndGlobalSection
	GlobalSection(ProjectConfigurationPlatforms) = postSolution
		{38151C63-FAA6-4F13-92CF-4CFB803C135B}.Debug|Any CPU.ActiveCfg = Debug|Any CPU
		{38151C63-FAA6-4F13-92CF-4CFB803C135B}.Debug|Any CPU.Build.0 = Debug|Any CPU
		{38151C63-FAA6-4F13-92CF-4CFB803C135B}.Release|Any CPU.ActiveCfg = Release|Any CPU
		{38151C63-FAA6-4F13-92CF-4CFB803C135B}.Release|Any CPU.Build.0 = Release|Any CPU
	EndGlobalSection
	GlobalSection(SolutionProperties) = preSolution
		HideSolutionNode = FALSE
	EndGlobalSection
	GlobalSection(ExtensibilityGlobals) = postSolution
		SolutionGuid = {EC434F00-D271-4736-9A53-56D365A4406F}
	EndGlobalSection
EndGlobal
